
Microsoft Visual Studio Solution File, Format Version 11.00
# Visual Studio 2010
Project("{FAE04EC0-301F-11D3-BF4B-00C04F79EFBC}") = "Db4oServer.Test", "Db4oServer.Test\Db4oServer.Test.csproj", "{6FDA12F9-6C09-4662-AD61-90309451BEF3}"
EndProject
Project("{FAE04EC0-301F-11D3-BF4B-00C04F79EFBC}") = "Db4oConfig", "Db4oConfig\Db4oConfig.csproj", "{6C0398D0-A271-4303-8C0F-74D4F2FC6015}"
EndProject
Project("{6141683F-8A12-4E36-9623-2EB02B2C2303}") = "Db4oServiceInstaller", "Db4oServiceInstaller\Db4oServiceInstaller.isproj", "{99E73D2E-95BD-4ADA-AD7A-94E182A4163B}"
EndProject
Project("{FAE04EC0-301F-11D3-BF4B-00C04F79EFBC}") = "Db4oService", "Db4oService\Db4oService.csproj", "{64241F37-BFF9-43BF-BA82-214D5C8CEDD6}"
EndProject
Project("{FAE04EC0-301F-11D3-BF4B-00C04F79EFBC}") = "Db4oService.Classes", "Db4oService.Classes\Db4oService.Classes.csproj", "{C3EF91A5-6E14-4F50-8636-08530271BA86}"
EndProject
Global
	GlobalSection(SolutionConfigurationPlatforms) = preSolution
		CD_ROM|Any CPU = CD_ROM|Any CPU
		CD_ROM|Mixed Platforms = CD_ROM|Mixed Platforms
		CD_ROM|x86 = CD_ROM|x86
		Debug|Any CPU = Debug|Any CPU
		Debug|Mixed Platforms = Debug|Mixed Platforms
		Debug|x86 = Debug|x86
		DVD-5|Any CPU = DVD-5|Any CPU
		DVD-5|Mixed Platforms = DVD-5|Mixed Platforms
		DVD-5|x86 = DVD-5|x86
		Release|Any CPU = Release|Any CPU
		Release|Mixed Platforms = Release|Mixed Platforms
		Release|x86 = Release|x86
		SingleImage|Any CPU = SingleImage|Any CPU
		SingleImage|Mixed Platforms = SingleImage|Mixed Platforms
		SingleImage|x86 = SingleImage|x86
	EndGlobalSection
	GlobalSection(ProjectConfigurationPlatforms) = postSolution
		{6FDA12F9-6C09-4662-AD61-90309451BEF3}.CD_ROM|Any CPU.ActiveCfg = Release|Any CPU
		{6FDA12F9-6C09-4662-AD61-90309451BEF3}.CD_ROM|Any CPU.Build.0 = Release|Any CPU
		{6FDA12F9-6C09-4662-AD61-90309451BEF3}.CD_ROM|Mixed Platforms.ActiveCfg = Release|Any CPU
		{6FDA12F9-6C09-4662-AD61-90309451BEF3}.CD_ROM|Mixed Platforms.Build.0 = Release|Any CPU
		{6FDA12F9-6C09-4662-AD61-90309451BEF3}.CD_ROM|x86.ActiveCfg = Release|Any CPU
		{6FDA12F9-6C09-4662-AD61-90309451BEF3}.Debug|Any CPU.ActiveCfg = Debug|Any CPU
		{6FDA12F9-6C09-4662-AD61-90309451BEF3}.Debug|Any CPU.Build.0 = Debug|Any CPU
		{6FDA12F9-6C09-4662-AD61-90309451BEF3}.Debug|Mixed Platforms.ActiveCfg = Debug|Any CPU
		{6FDA12F9-6C09-4662-AD61-90309451BEF3}.Debug|Mixed Platforms.Build.0 = Debug|Any CPU
		{6FDA12F9-6C09-4662-AD61-90309451BEF3}.Debug|x86.ActiveCfg = Debug|Any CPU
		{6FDA12F9-6C09-4662-AD61-90309451BEF3}.DVD-5|Any CPU.ActiveCfg = Debug|Any CPU
		{6FDA12F9-6C09-4662-AD61-90309451BEF3}.DVD-5|Any CPU.Build.0 = Debug|Any CPU
		{6FDA12F9-6C09-4662-AD61-90309451BEF3}.DVD-5|Mixed Platforms.ActiveCfg = Debug|Any CPU
		{6FDA12F9-6C09-4662-AD61-90309451BEF3}.DVD-5|Mixed Platforms.Build.0 = Debug|Any CPU
		{6FDA12F9-6C09-4662-AD61-90309451BEF3}.DVD-5|x86.ActiveCfg = Debug|Any CPU
		{6FDA12F9-6C09-4662-AD61-90309451BEF3}.Release|Any CPU.ActiveCfg = Release|Any CPU
		{6FDA12F9-6C09-4662-AD61-90309451BEF3}.Release|Any CPU.Build.0 = Release|Any CPU
		{6FDA12F9-6C09-4662-AD61-90309451BEF3}.Release|Mixed Platforms.ActiveCfg = Release|Any CPU
		{6FDA12F9-6C09-4662-AD61-90309451BEF3}.Release|Mixed Platforms.Build.0 = Release|Any CPU
		{6FDA12F9-6C09-4662-AD61-90309451BEF3}.Release|x86.ActiveCfg = Release|Any CPU
		{6FDA12F9-6C09-4662-AD61-90309451BEF3}.SingleImage|Any CPU.ActiveCfg = Release|Any CPU
		{6FDA12F9-6C09-4662-AD61-90309451BEF3}.SingleImage|Any CPU.Build.0 = Release|Any CPU
		{6FDA12F9-6C09-4662-AD61-90309451BEF3}.SingleImage|Mixed Platforms.ActiveCfg = Release|Any CPU
		{6FDA12F9-6C09-4662-AD61-90309451BEF3}.SingleImage|Mixed Platforms.Build.0 = Release|Any CPU
		{6FDA12F9-6C09-4662-AD61-90309451BEF3}.SingleImage|x86.ActiveCfg = Release|Any CPU
		{6C0398D0-A271-4303-8C0F-74D4F2FC6015}.CD_ROM|Any CPU.ActiveCfg = Release|x86
		{6C0398D0-A271-4303-8C0F-74D4F2FC6015}.CD_ROM|Mixed Platforms.ActiveCfg = Release|x86
		{6C0398D0-A271-4303-8C0F-74D4F2FC6015}.CD_ROM|Mixed Platforms.Build.0 = Release|x86
		{6C0398D0-A271-4303-8C0F-74D4F2FC6015}.CD_ROM|x86.ActiveCfg = Release|x86
		{6C0398D0-A271-4303-8C0F-74D4F2FC6015}.CD_ROM|x86.Build.0 = Release|x86
		{6C0398D0-A271-4303-8C0F-74D4F2FC6015}.Debug|Any CPU.ActiveCfg = Debug|x86
		{6C0398D0-A271-4303-8C0F-74D4F2FC6015}.Debug|Mixed Platforms.ActiveCfg = Debug|x86
		{6C0398D0-A271-4303-8C0F-74D4F2FC6015}.Debug|Mixed Platforms.Build.0 = Debug|x86
		{6C0398D0-A271-4303-8C0F-74D4F2FC6015}.Debug|x86.ActiveCfg = Debug|x86
		{6C0398D0-A271-4303-8C0F-74D4F2FC6015}.Debug|x86.Build.0 = Debug|x86
		{6C0398D0-A271-4303-8C0F-74D4F2FC6015}.DVD-5|Any CPU.ActiveCfg = Debug|x86
		{6C0398D0-A271-4303-8C0F-74D4F2FC6015}.DVD-5|Mixed Platforms.ActiveCfg = Debug|x86
		{6C0398D0-A271-4303-8C0F-74D4F2FC6015}.DVD-5|Mixed Platforms.Build.0 = Debug|x86
		{6C0398D0-A271-4303-8C0F-74D4F2FC6015}.DVD-5|x86.ActiveCfg = Debug|x86
		{6C0398D0-A271-4303-8C0F-74D4F2FC6015}.DVD-5|x86.Build.0 = Debug|x86
		{6C0398D0-A271-4303-8C0F-74D4F2FC6015}.Release|Any CPU.ActiveCfg = Release|x86
		{6C0398D0-A271-4303-8C0F-74D4F2FC6015}.Release|Mixed Platforms.ActiveCfg = Release|x86
		{6C0398D0-A271-4303-8C0F-74D4F2FC6015}.Release|Mixed Platforms.Build.0 = Release|x86
		{6C0398D0-A271-4303-8C0F-74D4F2FC6015}.Release|x86.ActiveCfg = Release|x86
		{6C0398D0-A271-4303-8C0F-74D4F2FC6015}.Release|x86.Build.0 = Release|x86
		{6C0398D0-A271-4303-8C0F-74D4F2FC6015}.SingleImage|Any CPU.ActiveCfg = Release|x86
		{6C0398D0-A271-4303-8C0F-74D4F2FC6015}.SingleImage|Mixed Platforms.ActiveCfg = Release|x86
		{6C0398D0-A271-4303-8C0F-74D4F2FC6015}.SingleImage|Mixed Platforms.Build.0 = Release|x86
		{6C0398D0-A271-4303-8C0F-74D4F2FC6015}.SingleImage|x86.ActiveCfg = Release|x86
		{6C0398D0-A271-4303-8C0F-74D4F2FC6015}.SingleImage|x86.Build.0 = Release|x86
		{99E73D2E-95BD-4ADA-AD7A-94E182A4163B}.CD_ROM|Any CPU.ActiveCfg = CD_ROM
		{99E73D2E-95BD-4ADA-AD7A-94E182A4163B}.CD_ROM|Any CPU.Build.0 = CD_ROM
		{99E73D2E-95BD-4ADA-AD7A-94E182A4163B}.CD_ROM|Mixed Platforms.ActiveCfg = CD_ROM
		{99E73D2E-95BD-4ADA-AD7A-94E182A4163B}.CD_ROM|Mixed Platforms.Build.0 = CD_ROM
		{99E73D2E-95BD-4ADA-AD7A-94E182A4163B}.CD_ROM|x86.ActiveCfg = CD_ROM
		{99E73D2E-95BD-4ADA-AD7A-94E182A4163B}.CD_ROM|x86.Build.0 = CD_ROM
		{99E73D2E-95BD-4ADA-AD7A-94E182A4163B}.Debug|Any CPU.ActiveCfg = DVD-5
		{99E73D2E-95BD-4ADA-AD7A-94E182A4163B}.Debug|Any CPU.Build.0 = DVD-5
		{99E73D2E-95BD-4ADA-AD7A-94E182A4163B}.Debug|Mixed Platforms.ActiveCfg = DVD-5
		{99E73D2E-95BD-4ADA-AD7A-94E182A4163B}.Debug|Mixed Platforms.Build.0 = DVD-5
		{99E73D2E-95BD-4ADA-AD7A-94E182A4163B}.Debug|x86.ActiveCfg = DVD-5
		{99E73D2E-95BD-4ADA-AD7A-94E182A4163B}.Debug|x86.Build.0 = DVD-5
		{99E73D2E-95BD-4ADA-AD7A-94E182A4163B}.DVD-5|Any CPU.ActiveCfg = DVD-5
		{99E73D2E-95BD-4ADA-AD7A-94E182A4163B}.DVD-5|Any CPU.Build.0 = DVD-5
		{99E73D2E-95BD-4ADA-AD7A-94E182A4163B}.DVD-5|Mixed Platforms.ActiveCfg = DVD-5
		{99E73D2E-95BD-4ADA-AD7A-94E182A4163B}.DVD-5|Mixed Platforms.Build.0 = DVD-5
		{99E73D2E-95BD-4ADA-AD7A-94E182A4163B}.DVD-5|x86.ActiveCfg = DVD-5
		{99E73D2E-95BD-4ADA-AD7A-94E182A4163B}.DVD-5|x86.Build.0 = DVD-5
		{99E73D2E-95BD-4ADA-AD7A-94E182A4163B}.Release|Any CPU.ActiveCfg = SingleImage
		{99E73D2E-95BD-4ADA-AD7A-94E182A4163B}.Release|Any CPU.Build.0 = SingleImage
		{99E73D2E-95BD-4ADA-AD7A-94E182A4163B}.Release|Mixed Platforms.ActiveCfg = SingleImage
		{99E73D2E-95BD-4ADA-AD7A-94E182A4163B}.Release|Mixed Platforms.Build.0 = SingleImage
		{99E73D2E-95BD-4ADA-AD7A-94E182A4163B}.Release|x86.ActiveCfg = SingleImage
		{99E73D2E-95BD-4ADA-AD7A-94E182A4163B}.Release|x86.Build.0 = SingleImage
		{99E73D2E-95BD-4ADA-AD7A-94E182A4163B}.SingleImage|Any CPU.ActiveCfg = SingleImage
		{99E73D2E-95BD-4ADA-AD7A-94E182A4163B}.SingleImage|Any CPU.Build.0 = SingleImage
		{99E73D2E-95BD-4ADA-AD7A-94E182A4163B}.SingleImage|Mixed Platforms.ActiveCfg = SingleImage
		{99E73D2E-95BD-4ADA-AD7A-94E182A4163B}.SingleImage|Mixed Platforms.Build.0 = SingleImage
		{99E73D2E-95BD-4ADA-AD7A-94E182A4163B}.SingleImage|x86.ActiveCfg = SingleImage
		{99E73D2E-95BD-4ADA-AD7A-94E182A4163B}.SingleImage|x86.Build.0 = SingleImage
		{64241F37-BFF9-43BF-BA82-214D5C8CEDD6}.CD_ROM|Any CPU.ActiveCfg = Release|x86
		{64241F37-BFF9-43BF-BA82-214D5C8CEDD6}.CD_ROM|Mixed Platforms.ActiveCfg = Release|x86
		{64241F37-BFF9-43BF-BA82-214D5C8CEDD6}.CD_ROM|Mixed Platforms.Build.0 = Release|x86
		{64241F37-BFF9-43BF-BA82-214D5C8CEDD6}.CD_ROM|x86.ActiveCfg = Release|x86
		{64241F37-BFF9-43BF-BA82-214D5C8CEDD6}.CD_ROM|x86.Build.0 = Release|x86
		{64241F37-BFF9-43BF-BA82-214D5C8CEDD6}.Debug|Any CPU.ActiveCfg = Debug|x86
		{64241F37-BFF9-43BF-BA82-214D5C8CEDD6}.Debug|Mixed Platforms.ActiveCfg = Debug|x86
		{64241F37-BFF9-43BF-BA82-214D5C8CEDD6}.Debug|Mixed Platforms.Build.0 = Debug|x86
		{64241F37-BFF9-43BF-BA82-214D5C8CEDD6}.Debug|x86.ActiveCfg = Debug|x86
		{64241F37-BFF9-43BF-BA82-214D5C8CEDD6}.Debug|x86.Build.0 = Debug|x86
		{64241F37-BFF9-43BF-BA82-214D5C8CEDD6}.DVD-5|Any CPU.ActiveCfg = Debug|x86
		{64241F37-BFF9-43BF-BA82-214D5C8CEDD6}.DVD-5|Mixed Platforms.ActiveCfg = Debug|x86
		{64241F37-BFF9-43BF-BA82-214D5C8CEDD6}.DVD-5|Mixed Platforms.Build.0 = Debug|x86
		{64241F37-BFF9-43BF-BA82-214D5C8CEDD6}.DVD-5|x86.ActiveCfg = Debug|x86
		{64241F37-BFF9-43BF-BA82-214D5C8CEDD6}.DVD-5|x86.Build.0 = Debug|x86
		{64241F37-BFF9-43BF-BA82-214D5C8CEDD6}.Release|Any CPU.ActiveCfg = Release|x86
		{64241F37-BFF9-43BF-BA82-214D5C8CEDD6}.Release|Mixed Platforms.ActiveCfg = Release|x86
		{64241F37-BFF9-43BF-BA82-214D5C8CEDD6}.Release|Mixed Platforms.Build.0 = Release|x86
		{64241F37-BFF9-43BF-BA82-214D5C8CEDD6}.Release|x86.ActiveCfg = Release|x86
		{64241F37-BFF9-43BF-BA82-214D5C8CEDD6}.Release|x86.Build.0 = Release|x86
		{64241F37-BFF9-43BF-BA82-214D5C8CEDD6}.SingleImage|Any CPU.ActiveCfg = Release|x86
		{64241F37-BFF9-43BF-BA82-214D5C8CEDD6}.SingleImage|Mixed Platforms.ActiveCfg = Release|x86
		{64241F37-BFF9-43BF-BA82-214D5C8CEDD6}.SingleImage|Mixed Platforms.Build.0 = Release|x86
		{64241F37-BFF9-43BF-BA82-214D5C8CEDD6}.SingleImage|x86.ActiveCfg = Release|x86
		{64241F37-BFF9-43BF-BA82-214D5C8CEDD6}.SingleImage|x86.Build.0 = Release|x86
		{C3EF91A5-6E14-4F50-8636-08530271BA86}.CD_ROM|Any CPU.ActiveCfg = Release|Any CPU
		{C3EF91A5-6E14-4F50-8636-08530271BA86}.CD_ROM|Any CPU.Build.0 = Release|Any CPU
		{C3EF91A5-6E14-4F50-8636-08530271BA86}.CD_ROM|Mixed Platforms.ActiveCfg = Release|Any CPU
		{C3EF91A5-6E14-4F50-8636-08530271BA86}.CD_ROM|Mixed Platforms.Build.0 = Release|Any CPU
		{C3EF91A5-6E14-4F50-8636-08530271BA86}.CD_ROM|x86.ActiveCfg = Release|Any CPU
		{C3EF91A5-6E14-4F50-8636-08530271BA86}.Debug|Any CPU.ActiveCfg = Debug|Any CPU
		{C3EF91A5-6E14-4F50-8636-08530271BA86}.Debug|Any CPU.Build.0 = Debug|Any CPU
		{C3EF91A5-6E14-4F50-8636-08530271BA86}.Debug|Mixed Platforms.ActiveCfg = Debug|Any CPU
		{C3EF91A5-6E14-4F50-8636-08530271BA86}.Debug|Mixed Platforms.Build.0 = Debug|Any CPU
		{C3EF91A5-6E14-4F50-8636-08530271BA86}.Debug|x86.ActiveCfg = Debug|Any CPU
		{C3EF91A5-6E14-4F50-8636-08530271BA86}.DVD-5|Any CPU.ActiveCfg = Debug|Any CPU
		{C3EF91A5-6E14-4F50-8636-08530271BA86}.DVD-5|Any CPU.Build.0 = Debug|Any CPU
		{C3EF91A5-6E14-4F50-8636-08530271BA86}.DVD-5|Mixed Platforms.ActiveCfg = Debug|Any CPU
		{C3EF91A5-6E14-4F50-8636-08530271BA86}.DVD-5|Mixed Platforms.Build.0 = Debug|Any CPU
		{C3EF91A5-6E14-4F50-8636-08530271BA86}.DVD-5|x86.ActiveCfg = Debug|Any CPU
		{C3EF91A5-6E14-4F50-8636-08530271BA86}.Release|Any CPU.ActiveCfg = Release|Any CPU
		{C3EF91A5-6E14-4F50-8636-08530271BA86}.Release|Any CPU.Build.0 = Release|Any CPU
		{C3EF91A5-6E14-4F50-8636-08530271BA86}.Release|Mixed Platforms.ActiveCfg = Release|Any CPU
		{C3EF91A5-6E14-4F50-8636-08530271BA86}.Release|Mixed Platforms.Build.0 = Release|Any CPU
		{C3EF91A5-6E14-4F50-8636-08530271BA86}.Release|x86.ActiveCfg = Release|Any CPU
		{C3EF91A5-6E14-4F50-8636-08530271BA86}.SingleImage|Any CPU.ActiveCfg = Release|Any CPU
		{C3EF91A5-6E14-4F50-8636-08530271BA86}.SingleImage|Any CPU.Build.0 = Release|Any CPU
		{C3EF91A5-6E14-4F50-8636-08530271BA86}.SingleImage|Mixed Platforms.ActiveCfg = Release|Any CPU
		{C3EF91A5-6E14-4F50-8636-08530271BA86}.SingleImage|Mixed Platforms.Build.0 = Release|Any CPU
		{C3EF91A5-6E14-4F50-8636-08530271BA86}.SingleImage|x86.ActiveCfg = Release|Any CPU
	EndGlobalSection
	GlobalSection(SolutionProperties) = preSolution
		HideSolutionNode = FALSE
	EndGlobalSection
EndGlobal
